
Microsoft Visual Studio Solution File, Format Version 12.00
# Visual Studio Version 16
VisualStudioVersion = 16.0.31702.278
MinimumVisualStudioVersion = 10.0.40219.1
Project("{FAE04EC0-301F-11D3-BF4B-00C04F79EFBC}") = "ColumnSelectionTest", "Test001\ColumnSelectionTest.csproj", "{BFD6EF80-2D59-4F13-985A-998D26D1D60C}"
EndProject
Project("{FAE04EC0-301F-11D3-BF4B-00C04F79EFBC}") = "TestProject", "DevTestProject\TestProject.csproj", "{5FCC38DC-749D-443E-BB35-6558DAAD7571}"
EndProject
Project("{FAE04EC0-301F-11D3-BF4B-00C04F79EFBC}") = "LabelStringTest", "LabelStringTest\LabelStringTest.csproj", "{093D4D2A-0018-4695-B082-E19347DC1D89}"
EndProject
Project("{FAE04EC0-301F-11D3-BF4B-00C04F79EFBC}") = "TestColumnSelectionNew", "TestColumnSelectionNew\TestColumnSelectionNew.csproj", "{A0EA2589-EF4D-4D41-8707-75FB14AFA9F7}"
EndProject
Project("{FAE04EC0-301F-11D3-BF4B-00C04F79EFBC}") = "LookUp", "LookUp\LookUp.csproj", "{041F1BE1-9121-4763-A30E-5BD08F9F7729}"
EndProject
Project("{9A19103F-16F7-4668-BE54-9A1E7A4F7556}") = "QuickTests", "QuickTests\QuickTests.csproj", "{388D9A2B-01F7-49EF-9DDB-112F6F3490AF}"
EndProject
Project("{FAE04EC0-301F-11D3-BF4B-00C04F79EFBC}") = "Diagram", "Diagram\Diagram.csproj", "{D3CAD4F6-8E90-42F2-B8F6-A571B74C714D}"
EndProject
Project("{FAE04EC0-301F-11D3-BF4B-00C04F79EFBC}") = "Properties", "Properties\Properties.csproj", "{A22BAB32-1A9A-46AD-AC68-46226977AD0A}"
EndProject
Project("{FAE04EC0-301F-11D3-BF4B-00C04F79EFBC}") = "Docking", "Docking\Docking.csproj", "{902AA23E-66AB-49C1-9F59-D217B94F9ABC}"
EndProject
Project("{FAE04EC0-301F-11D3-BF4B-00C04F79EFBC}") = "UHFSDKTest", "UHFSDKTest\UHFSDKTest.csproj", "{D6CE2A4A-9828-440D-9C4B-586CD2713E7C}"
EndProject
Global
	GlobalSection(SolutionConfigurationPlatforms) = preSolution
		Debug|Any CPU = Debug|Any CPU
		Debug|x86 = Debug|x86
		Release|Any CPU = Release|Any CPU
		Release|x86 = Release|x86
	EndGlobalSection
	GlobalSection(ProjectConfigurationPlatforms) = postSolution
		{BFD6EF80-2D59-4F13-985A-998D26D1D60C}.Debug|Any CPU.ActiveCfg = Debug|Any CPU
		{BFD6EF80-2D59-4F13-985A-998D26D1D60C}.Debug|Any CPU.Build.0 = Debug|Any CPU
		{BFD6EF80-2D59-4F13-985A-998D26D1D60C}.Debug|x86.ActiveCfg = Debug|Any CPU
		{BFD6EF80-2D59-4F13-985A-998D26D1D60C}.Debug|x86.Build.0 = Debug|Any CPU
		{BFD6EF80-2D59-4F13-985A-998D26D1D60C}.Release|Any CPU.ActiveCfg = Release|Any CPU
		{BFD6EF80-2D59-4F13-985A-998D26D1D60C}.Release|Any CPU.Build.0 = Release|Any CPU
		{BFD6EF80-2D59-4F13-985A-998D26D1D60C}.Release|x86.ActiveCfg = Release|Any CPU
		{BFD6EF80-2D59-4F13-985A-998D26D1D60C}.Release|x86.Build.0 = Release|Any CPU
		{5FCC38DC-749D-443E-BB35-6558DAAD7571}.Debug|Any CPU.ActiveCfg = Debug|Any CPU
		{5FCC38DC-749D-443E-BB35-6558DAAD7571}.Debug|Any CPU.Build.0 = Debug|Any CPU
		{5FCC38DC-749D-443E-BB35-6558DAAD7571}.Debug|x86.ActiveCfg = Debug|Any CPU
		{5FCC38DC-749D-443E-BB35-6558DAAD7571}.Debug|x86.Build.0 = Debug|Any CPU
		{5FCC38DC-749D-443E-BB35-6558DAAD7571}.Release|Any CPU.ActiveCfg = Release|Any CPU
		{5FCC38DC-749D-443E-BB35-6558DAAD7571}.Release|Any CPU.Build.0 = Release|Any CPU
		{5FCC38DC-749D-443E-BB35-6558DAAD7571}.Release|x86.ActiveCfg = Release|Any CPU
		{5FCC38DC-749D-443E-BB35-6558DAAD7571}.Release|x86.Build.0 = Release|Any CPU
		{093D4D2A-0018-4695-B082-E19347DC1D89}.Debug|Any CPU.ActiveCfg = Debug|Any CPU
		{093D4D2A-0018-4695-B082-E19347DC1D89}.Debug|Any CPU.Build.0 = Debug|Any CPU
		{093D4D2A-0018-4695-B082-E19347DC1D89}.Debug|x86.ActiveCfg = Debug|Any CPU
		{093D4D2A-0018-4695-B082-E19347DC1D89}.Debug|x86.Build.0 = Debug|Any CPU
		{093D4D2A-0018-4695-B082-E19347DC1D89}.Release|Any CPU.ActiveCfg = Release|Any CPU
		{093D4D2A-0018-4695-B082-E19347DC1D89}.Release|Any CPU.Build.0 = Release|Any CPU
		{093D4D2A-0018-4695-B082-E19347DC1D89}.Release|x86.ActiveCfg = Release|Any CPU
		{093D4D2A-0018-4695-B082-E19347DC1D89}.Release|x86.Build.0 = Release|Any CPU
		{A0EA2589-EF4D-4D41-8707-75FB14AFA9F7}.Debug|Any CPU.ActiveCfg = Debug|Any CPU
		{A0EA2589-EF4D-4D41-8707-75FB14AFA9F7}.Debug|Any CPU.Build.0 = Debug|Any CPU
		{A0EA2589-EF4D-4D41-8707-75FB14AFA9F7}.Debug|x86.ActiveCfg = Debug|Any CPU
		{A0EA2589-EF4D-4D41-8707-75FB14AFA9F7}.Debug|x86.Build.0 = Debug|Any CPU
		{A0EA2589-EF4D-4D41-8707-75FB14AFA9F7}.Release|Any CPU.ActiveCfg = Release|Any CPU
		{A0EA2589-EF4D-4D41-8707-75FB14AFA9F7}.Release|Any CPU.Build.0 = Release|Any CPU
		{A0EA2589-EF4D-4D41-8707-75FB14AFA9F7}.Release|x86.ActiveCfg = Release|Any CPU
		{A0EA2589-EF4D-4D41-8707-75FB14AFA9F7}.Release|x86.Build.0 = Release|Any CPU
		{041F1BE1-9121-4763-A30E-5BD08F9F7729}.Debug|Any CPU.ActiveCfg = Debug|Any CPU
		{041F1BE1-9121-4763-A30E-5BD08F9F7729}.Debug|Any CPU.Build.0 = Debug|Any CPU
		{041F1BE1-9121-4763-A30E-5BD08F9F7729}.Debug|x86.ActiveCfg = Debug|Any CPU
		{041F1BE1-9121-4763-A30E-5BD08F9F7729}.Debug|x86.Build.0 = Debug|Any CPU
		{041F1BE1-9121-4763-A30E-5BD08F9F7729}.Release|Any CPU.ActiveCfg = Release|Any CPU
		{041F1BE1-9121-4763-A30E-5BD08F9F7729}.Release|Any CPU.Build.0 = Release|Any CPU
		{041F1BE1-9121-4763-A30E-5BD08F9F7729}.Release|x86.ActiveCfg = Release|Any CPU
		{041F1BE1-9121-4763-A30E-5BD08F9F7729}.Release|x86.Build.0 = Release|Any CPU
		{388D9A2B-01F7-49EF-9DDB-112F6F3490AF}.Debug|Any CPU.ActiveCfg = Debug|Any CPU
		{388D9A2B-01F7-49EF-9DDB-112F6F3490AF}.Debug|Any CPU.Build.0 = Debug|Any CPU
		{388D9A2B-01F7-49EF-9DDB-112F6F3490AF}.Debug|x86.ActiveCfg = Debug|Any CPU
		{388D9A2B-01F7-49EF-9DDB-112F6F3490AF}.Debug|x86.Build.0 = Debug|Any CPU
		{388D9A2B-01F7-49EF-9DDB-112F6F3490AF}.Release|Any CPU.ActiveCfg = Release|Any CPU
		{388D9A2B-01F7-49EF-9DDB-112F6F3490AF}.Release|Any CPU.Build.0 = Release|Any CPU
		{388D9A2B-01F7-49EF-9DDB-112F6F3490AF}.Release|x86.ActiveCfg = Release|Any CPU
		{388D9A2B-01F7-49EF-9DDB-112F6F3490AF}.Release|x86.Build.0 = Release|Any CPU
		{D3CAD4F6-8E90-42F2-B8F6-A571B74C714D}.Debug|Any CPU.ActiveCfg = Debug|Any CPU
		{D3CAD4F6-8E90-42F2-B8F6-A571B74C714D}.Debug|Any CPU.Build.0 = Debug|Any CPU
		{D3CAD4F6-8E90-42F2-B8F6-A571B74C714D}.Debug|x86.ActiveCfg = Debug|Any CPU
		{D3CAD4F6-8E90-42F2-B8F6-A571B74C714D}.Debug|x86.Build.0 = Debug|Any CPU
		{D3CAD4F6-8E90-42F2-B8F6-A571B74C714D}.Release|Any CPU.ActiveCfg = Release|Any CPU
		{D3CAD4F6-8E90-42F2-B8F6-A571B74C714D}.Release|Any CPU.Build.0 = Release|Any CPU
		{D3CAD4F6-8E90-42F2-B8F6-A571B74C714D}.Release|x86.ActiveCfg = Release|Any CPU
		{D3CAD4F6-8E90-42F2-B8F6-A571B74C714D}.Release|x86.Build.0 = Release|Any CPU
		{A22BAB32-1A9A-46AD-AC68-46226977AD0A}.Debug|Any CPU.ActiveCfg = Debug|Any CPU
		{A22BAB32-1A9A-46AD-AC68-46226977AD0A}.Debug|Any CPU.Build.0 = Debug|Any CPU
		{A22BAB32-1A9A-46AD-AC68-46226977AD0A}.Debug|x86.ActiveCfg = Debug|Any CPU
		{A22BAB32-1A9A-46AD-AC68-46226977AD0A}.Debug|x86.Build.0 = Debug|Any CPU
		{A22BAB32-1A9A-46AD-AC68-46226977AD0A}.Release|Any CPU.ActiveCfg = Release|Any CPU
		{A22BAB32-1A9A-46AD-AC68-46226977AD0A}.Release|Any CPU.Build.0 = Release|Any CPU
		{A22BAB32-1A9A-46AD-AC68-46226977AD0A}.Release|x86.ActiveCfg = Release|Any CPU
		{A22BAB32-1A9A-46AD-AC68-46226977AD0A}.Release|x86.Build.0 = Release|Any CPU
		{902AA23E-66AB-49C1-9F59-D217B94F9ABC}.Debug|Any CPU.ActiveCfg = Debug|Any CPU
		{902AA23E-66AB-49C1-9F59-D217B94F9ABC}.Debug|Any CPU.Build.0 = Debug|Any CPU
		{902AA23E-66AB-49C1-9F59-D217B94F9ABC}.Debug|x86.ActiveCfg = Debug|Any CPU
		{902AA23E-66AB-49C1-9F59-D217B94F9ABC}.Debug|x86.Build.0 = Debug|Any CPU
		{902AA23E-66AB-49C1-9F59-D217B94F9ABC}.Release|Any CPU.ActiveCfg = Release|Any CPU
		{902AA23E-66AB-49C1-9F59-D217B94F9ABC}.Release|Any CPU.Build.0 = Release|Any CPU
		{902AA23E-66AB-49C1-9F59-D217B94F9ABC}.Release|x86.ActiveCfg = Release|Any CPU
		{902AA23E-66AB-49C1-9F59-D217B94F9ABC}.Release|x86.Build.0 = Release|Any CPU
		{D6CE2A4A-9828-440D-9C4B-586CD2713E7C}.Debug|Any CPU.ActiveCfg = Debug|x86
		{D6CE2A4A-9828-440D-9C4B-586CD2713E7C}.Debug|x86.ActiveCfg = Debug|x86
		{D6CE2A4A-9828-440D-9C4B-586CD2713E7C}.Debug|x86.Build.0 = Debug|x86
		{D6CE2A4A-9828-440D-9C4B-586CD2713E7C}.Release|Any CPU.ActiveCfg = Release|x86
		{D6CE2A4A-9828-440D-9C4B-586CD2713E7C}.Release|x86.ActiveCfg = Release|x86
		{D6CE2A4A-9828-440D-9C4B-586CD2713E7C}.Release|x86.Build.0 = Release|x86
	EndGlobalSection
	GlobalSection(SolutionProperties) = preSolution
		HideSolutionNode = FALSE
	EndGlobalSection
	GlobalSection(ExtensibilityGlobals) = postSolution
		SolutionGuid = {105842BA-90D7-4184-81AB-E3EF73D5EF13}
	EndGlobalSection
EndGlobal
